// !$*UTF8*$!
{
	archiveVersion = 1;
	classes = {
	};
	objectVersion = 46;
	objects = {

/* Begin PBXBuildFile section */
		60B7F5C81C9CDD1300F52B4E /* AppDelegate.swift in Sources */ = {isa = PBXBuildFile; fileRef = 60B7F5C71C9CDD1300F52B4E /* AppDelegate.swift */; };
		60B7F5CA1C9CDD1300F52B4E /* ViewController.swift in Sources */ = {isa = PBXBuildFile; fileRef = 60B7F5C91C9CDD1300F52B4E /* ViewController.swift */; };
		60B7F5CD1C9CDD1300F52B4E /* Main.storyboard in Resources */ = {isa = PBXBuildFile; fileRef = 60B7F5CB1C9CDD1300F52B4E /* Main.storyboard */; };
		60B7F5CF1C9CDD1300F52B4E /* Assets.xcassets in Resources */ = {isa = PBXBuildFile; fileRef = 60B7F5CE1C9CDD1300F52B4E /* Assets.xcassets */; };
		60B7F5D21C9CDD1300F52B4E /* LaunchScreen.storyboard in Resources */ = {isa = PBXBuildFile; fileRef = 60B7F5D01C9CDD1300F52B4E /* LaunchScreen.storyboard */; };
		60B7F5DA1C9CDDC800F52B4E /* SwiftPdfGenerator.swift in Sources */ = {isa = PBXBuildFile; fileRef = 60B7F5D91C9CDDC800F52B4E /* SwiftPdfGenerator.swift */; };
		60B7F5DE1C9CDEA400F52B4E /* PageOneView.swift in Sources */ = {isa = PBXBuildFile; fileRef = 60B7F5DB1C9CDEA400F52B4E /* PageOneView.swift */; };
		60B7F5DF1C9CDEA400F52B4E /* PageOneView.xib in Resources */ = {isa = PBXBuildFile; fileRef = 60B7F5DC1C9CDEA400F52B4E /* PageOneView.xib */; };
		60B7F5E01C9CDEA400F52B4E /* PageTwoView.xib in Resources */ = {isa = PBXBuildFile; fileRef = 60B7F5DD1C9CDEA400F52B4E /* PageTwoView.xib */; };
		60B7F5E61C9CE1FB00F52B4E /* DisplayController.swift in Sources */ = {isa = PBXBuildFile; fileRef = 60B7F5E51C9CE1FB00F52B4E /* DisplayController.swift */; };
/* End PBXBuildFile section */

/* Begin PBXFileReference section */
		60B7F5C41C9CDD1300F52B4E /* swift-pdf.app */ = {isa = PBXFileReference; explicitFileType = wrapper.application; includeInIndex = 0; path = "swift-pdf.app"; sourceTree = BUILT_PRODUCTS_DIR; };
		60B7F5C71C9CDD1300F52B4E /* AppDelegate.swift */ = {isa = PBXFileReference; lastKnownFileType = sourcecode.swift; path = AppDelegate.swift; sourceTree = "<group>"; };
		60B7F5C91C9CDD1300F52B4E /* ViewController.swift */ = {isa = PBXFileReference; lastKnownFileType = sourcecode.swift; path = ViewController.swift; sourceTree = "<group>"; };
		60B7F5CC1C9CDD1300F52B4E /* Base */ = {isa = PBXFileReference; lastKnownFileType = file.storyboard; name = Base; path = Base.lproj/Main.storyboard; sourceTree = "<group>"; };
		60B7F5CE1C9CDD1300F52B4E /* Assets.xcassets */ = {isa = PBXFileReference; lastKnownFileType = folder.assetcatalog; path = Assets.xcassets; sourceTree = "<group>"; };
		60B7F5D11C9CDD1300F52B4E /* Base */ = {isa = PBXFileReference; lastKnownFileType = file.storyboard; name = Base; path = Base.lproj/LaunchScreen.storyboard; sourceTree = "<group>"; };
		60B7F5D31C9CDD1300F52B4E /* Info.plist */ = {isa = PBXFileReference; lastKnownFileType = text.plist.xml; path = Info.plist; sourceTree = "<group>"; };
		60B7F5D91C9CDDC800F52B4E /* SwiftPdfGenerator.swift */ = {isa = PBXFileReference; fileEncoding = 4; lastKnownFileType = sourcecode.swift; path = SwiftPdfGenerator.swift; sourceTree = "<group>"; };
		60B7F5DB1C9CDEA400F52B4E /* PageOneView.swift */ = {isa = PBXFileReference; fileEncoding = 4; lastKnownFileType = sourcecode.swift; path = PageOneView.swift; sourceTree = "<group>"; };
		60B7F5DC1C9CDEA400F52B4E /* PageOneView.xib */ = {isa = PBXFileReference; fileEncoding = 4; lastKnownFileType = file.xib; path = PageOneView.xib; sourceTree = "<group>"; };
		60B7F5DD1C9CDEA400F52B4E /* PageTwoView.xib */ = {isa = PBXFileReference; fileEncoding = 4; lastKnownFileType = file.xib; path = PageTwoView.xib; sourceTree = "<group>"; };
		60B7F5E51C9CE1FB00F52B4E /* DisplayController.swift */ = {isa = PBXFileReference; fileEncoding = 4; lastKnownFileType = sourcecode.swift; path = DisplayController.swift; sourceTree = "<group>"; };
/* End PBXFileReference section */

/* Begin PBXFrameworksBuildPhase section */
		60B7F5C11C9CDD1300F52B4E /* Frameworks */ = {
			isa = PBXFrameworksBuildPhase;
			buildActionMask = 2147483647;
			files = (
			);
			runOnlyForDeploymentPostprocessing = 0;
		};
/* End PBXFrameworksBuildPhase section */

/* Begin PBXGroup section */
		60B7F5BB1C9CDD1300F52B4E = {
			isa = PBXGroup;
			children = (
				60B7F5C61C9CDD1300F52B4E /* swift-pdf */,
				60B7F5C51C9CDD1300F52B4E /* Products */,
			);
			sourceTree = "<group>";
		};
		60B7F5C51C9CDD1300F52B4E /* Products */ = {
			isa = PBXGroup;
			children = (
				60B7F5C41C9CDD1300F52B4E /* swift-pdf.app */,
			);
			name = Products;
			sourceTree = "<group>";
		};
		60B7F5C61C9CDD1300F52B4E /* swift-pdf */ = {
			isa = PBXGroup;
			children = (
				60B7F5C71C9CDD1300F52B4E /* AppDelegate.swift */,
				60B7F5C91C9CDD1300F52B4E /* ViewController.swift */,
				60B7F5E51C9CE1FB00F52B4E /* DisplayController.swift */,
				60B7F5E41C9CDEC700F52B4E /* swift-pdf */,
				60B7F5E21C9CDEB500F52B4E /* Supporting Files */,
			);
			path = "swift-pdf";
			sourceTree = "<group>";
		};
		60B7F5E11C9CDEAE00F52B4E /* Storyboard */ = {
			isa = PBXGroup;
			children = (
				60B7F5CB1C9CDD1300F52B4E /* Main.storyboard */,
				60B7F5D01C9CDD1300F52B4E /* LaunchScreen.storyboard */,
			);
			name = Storyboard;
			sourceTree = "<group>";
		};
		60B7F5E21C9CDEB500F52B4E /* Supporting Files */ = {
			isa = PBXGroup;
			children = (
				60B7F5E11C9CDEAE00F52B4E /* Storyboard */,
				60B7F5CE1C9CDD1300F52B4E /* Assets.xcassets */,
				60B7F5D31C9CDD1300F52B4E /* Info.plist */,
			);
			name = "Supporting Files";
			sourceTree = "<group>";
		};
		60B7F5E31C9CDEBE00F52B4E /* Pages */ = {
			isa = PBXGroup;
			children = (
				60B7F5DC1C9CDEA400F52B4E /* PageOneView.xib */,
				60B7F5DB1C9CDEA400F52B4E /* PageOneView.swift */,
				60B7F5DD1C9CDEA400F52B4E /* PageTwoView.xib */,
			);
			name = Pages;
			sourceTree = "<group>";
		};
		60B7F5E41C9CDEC700F52B4E /* swift-pdf */ = {
			isa = PBXGroup;
			children = (
				60B7F5E31C9CDEBE00F52B4E /* Pages */,
				60B7F5D91C9CDDC800F52B4E /* SwiftPdfGenerator.swift */,
			);
			name = "swift-pdf";
			sourceTree = "<group>";
		};
/* End PBXGroup section */

/* Begin PBXNativeTarget section */
		60B7F5C31C9CDD1300F52B4E /* swift-pdf */ = {
			isa = PBXNativeTarget;
			buildConfigurationList = 60B7F5D61C9CDD1300F52B4E /* Build configuration list for PBXNativeTarget "swift-pdf" */;
			buildPhases = (
				60B7F5C01C9CDD1300F52B4E /* Sources */,
				60B7F5C11C9CDD1300F52B4E /* Frameworks */,
				60B7F5C21C9CDD1300F52B4E /* Resources */,
			);
			buildRules = (
			);
			dependencies = (
			);
			name = "swift-pdf";
			productName = "swift-pdf";
			productReference = 60B7F5C41C9CDD1300F52B4E /* swift-pdf.app */;
			productType = "com.apple.product-type.application";
		};
/* End PBXNativeTarget section */

/* Begin PBXProject section */
		60B7F5BC1C9CDD1300F52B4E /* Project object */ = {
			isa = PBXProject;
			attributes = {
				LastSwiftUpdateCheck = 0720;
				LastUpgradeCheck = 0720;
				ORGANIZATIONNAME = kayos;
				TargetAttributes = {
					60B7F5C31C9CDD1300F52B4E = {
						CreatedOnToolsVersion = 7.2.1;
					};
				};
			};
			buildConfigurationList = 60B7F5BF1C9CDD1300F52B4E /* Build configuration list for PBXProject "swift-pdf" */;
			compatibilityVersion = "Xcode 3.2";
			developmentRegion = English;
			hasScannedForEncodings = 0;
			knownRegions = (
				en,
				Base,
			);
			mainGroup = 60B7F5BB1C9CDD1300F52B4E;
			productRefGroup = 60B7F5C51C9CDD1300F52B4E /* Products */;
			projectDirPath = "";
			projectRoot = "";
			targets = (
				60B7F5C31C9CDD1300F52B4E /* swift-pdf */,
			);
		};
/* End PBXProject section */

/* Begin PBXResourcesBuildPhase section */
		60B7F5C21C9CDD1300F52B4E /* Resources */ = {
			isa = PBXResourcesBuildPhase;
			buildActionMask = 2147483647;
			files = (
				60B7F5D21C9CDD1300F52B4E /* LaunchScreen.storyboard in Resources */,
				60B7F5E01C9CDEA400F52B4E /* PageTwoView.xib in Resources */,
				60B7F5CF1C9CDD1300F52B4E /* Assets.xcassets in Resources */,
				60B7F5DF1C9CDEA400F52B4E /* PageOneView.xib in Resources */,
				60B7F5CD1C9CDD1300F52B4E /* Main.storyboard in Resources */,
			);
			runOnlyForDeploymentPostprocessing = 0;
		};
/* End PBXResourcesBuildPhase section */

/* Begin PBXSourcesBuildPhase section */
		60B7F5C01C9CDD1300F52B4E /* Sources */ = {
			isa = PBXSourcesBuildPhase;
			buildActionMask = 2147483647;
			files = (
				60B7F5CA1C9CDD1300F52B4E /* ViewController.swift in Sources */,
				60B7F5E61C9CE1FB00F52B4E /* DisplayController.swift in Sources */,
				60B7F5C81C9CDD1300F52B4E /* AppDelegate.swift in Sources */,
				60B7F5DE1C9CDEA400F52B4E /* PageOneView.swift in Sources */,
				60B7F5DA1C9CDDC800F52B4E /* SwiftPdfGenerator.swift in Sources */,
			);
			runOnlyForDeploymentPostprocessing = 0;
		};
/* End PBXSourcesBuildPhase section */

/* Begin PBXVariantGroup section */
		60B7F5CB1C9CDD1300F52B4E /* Main.storyboard */ = {
			isa = PBXVariantGroup;
			children = (
				60B7F5CC1C9CDD1300F52B4E /* Base */,
			);
			name = Main.storyboard;
			sourceTree = "<group>";
		};
		60B7F5D01C9CDD1300F52B4E /* LaunchScreen.storyboard */ = {
			isa = PBXVariantGroup;
			children = (
				60B7F5D11C9CDD1300F52B4E /* Base */,
			);
			name = LaunchScreen.storyboard;
			sourceTree = "<group>";
		};
/* End PBXVariantGroup section */

/* Begin XCBuildConfiguration section */
		60B7F5D41C9CDD1300F52B4E /* Debug */ = {
			isa = XCBuildConfiguration;
			buildSettings = {
				ALWAYS_SEARCH_USER_PATHS = NO;
				CLANG_CXX_LANGUAGE_STANDARD = "gnu++0x";
				CLANG_CXX_LIBRARY = "libc++";
				CLANG_ENABLE_MODULES = YES;
				CLANG_ENABLE_OBJC_ARC = YES;
				CLANG_WARN_BOOL_CONVERSION = YES;
				CLANG_WARN_CONSTANT_CONVERSION = YES;
				CLANG_WARN_DIRECT_OBJC_ISA_USAGE = YES_ERROR;
				CLANG_WARN_EMPTY_BODY = YES;
				CLANG_WARN_ENUM_CONVERSION = YES;
				CLANG_WARN_INT_CONVERSION = YES;
				CLANG_WARN_OBJC_ROOT_CLASS = YES_ERROR;
				CLANG_WARN_UNREACHABLE_CODE = YES;
				CLANG_WARN__DUPLICATE_METHOD_MATCH = YES;
				"CODE_SIGN_IDENTITY[sdk=iphoneos*]" = "iPhone Developer";
				COPY_PHASE_STRIP = NO;
				DEBUG_INFORMATION_FORMAT = dwarf;
				ENABLE_STRICT_OBJC_MSGSEND = YES;
				ENABLE_TESTABILITY = YES;
				GCC_C_LANGUAGE_STANDARD = gnu99;
				GCC_DYNAMIC_NO_PIC = NO;
				GCC_NO_COMMON_BLOCKS = YES;
				GCC_OPTIMIZATION_LEVEL = 0;
				GCC_PREPROCESSOR_DEFINITIONS = (
					"DEBUG=1",
					"$(inherited)",
				);
				GCC_WARN_64_TO_32_BIT_CONVERSION = YES;
				GCC_WARN_ABOUT_RETURN_TYPE = YES_ERROR;
				GCC_WARN_UNDECLARED_SELECTOR = YES;
				GCC_WARN_UNINITIALIZED_AUTOS = YES_AGGRESSIVE;
				GCC_WARN_UNUSED_FUNCTION = YES;
				GCC_WARN_UNUSED_VARIABLE = YES;
				IPHONEOS_DEPLOYMENT_TARGET = 9.2;
				MTL_ENABLE_DEBUG_INFO = YES;
				ONLY_ACTIVE_ARCH = YES;
				SDKROOT = iphoneos;
				SWIFT_OPTIMIZATION_LEVEL = "-Onone";
				TARGETED_DEVICE_FAMILY = "1,2";
			};
			name = Debug;
		};
		60B7F5D51C9CDD1300F52B4E /* Release */ = {
			isa = XCBuildConfiguration;
			buildSettings = {
				ALWAYS_SEARCH_USER_PATHS = NO;
				CLANG_CXX_LANGUAGE_STANDARD = "gnu++0x";
				CLANG_CXX_LIBRARY = "libc++";
				CLANG_ENABLE_MODULES = YES;
				CLANG_ENABLE_OBJC_ARC = YES;
				CLANG_WARN_BOOL_CONVERSION = YES;
				CLANG_WARN_CONSTANT_CONVERSION = YES;
				CLANG_WARN_DIRECT_OBJC_ISA_USAGE = YES_ERROR;
				CLANG_WARN_EMPTY_BODY = YES;
				CLANG_WARN_ENUM_CONVERSION = YES;
				CLANG_WARN_INT_CONVERSION = YES;
				CLANG_WARN_OBJC_ROOT_CLASS = YES_ERROR;
				CLANG_WARN_UNREACHABLE_CODE = YES;
				CLANG_WARN__DUPLICATE_METHOD_MATCH = YES;
				"CODE_SIGN_IDENTITY[sdk=iphoneos*]" = "iPhone Developer";
				COPY_PHASE_STRIP = NO;
				DEBUG_INFORMATION_FORMAT = "dwarf-with-dsym";
				ENABLE_NS_ASSERTIONS = NO;
				ENABLE_STRICT_OBJC_MSGSEND = YES;
				GCC_C_LANGUAGE_STANDARD = gnu99;
				GCC_NO_COMMON_BLOCKS = YES;
				GCC_WARN_64_TO_32_BIT_CONVERSION = YES;
				GCC_WARN_ABOUT_RETURN_TYPE = YES_ERROR;
				GCC_WARN_UNDECLARED_SELECTOR = YES;
				GCC_WARN_UNINITIALIZED_AUTOS = YES_AGGRESSIVE;
				GCC_WARN_UNUSED_FUNCTION = YES;
				GCC_WARN_UNUSED_VARIABLE = YES;
				IPHONEOS_DEPLOYMENT_TARGET = 9.2;
				MTL_ENABLE_DEBUG_INFO = NO;
				SDKROOT = iphoneos;
				TARGETED_DEVICE_FAMILY = "1,2";
				VALIDATE_PRODUCT = YES;
			};
			name = Release;
		};
		60B7F5D71C9CDD1300F52B4E /* Debug */ = {
			isa = XCBuildConfiguration;
			buildSettings = {
				ASSETCATALOG_COMPILER_APPICON_NAME = AppIcon;
				INFOPLIST_FILE = "swift-pdf/Info.plist";
				LD_RUNPATH_SEARCH_PATHS = "$(inherited) @executable_path/Frameworks";
				PRODUCT_BUNDLE_IDENTIFIER = "kayos.swift-pdf";
				PRODUCT_NAME = "$(TARGET_NAME)";
			};
			name = Debug;
		};
		60B7F5D81C9CDD1300F52B4E /* Release */ = {
			isa = XCBuildConfiguration;
			buildSettings = {
				ASSETCATALOG_COMPILER_APPICON_NAME = AppIcon;
				INFOPLIST_FILE = "swift-pdf/Info.plist";
				LD_RUNPATH_SEARCH_PATHS = "$(inherited) @executable_path/Frameworks";
				PRODUCT_BUNDLE_IDENTIFIER = "kayos.swift-pdf";
				PRODUCT_NAME = "$(TARGET_NAME)";
			};
			name = Release;
		};
/* End XCBuildConfiguration section */

/* Begin XCConfigurationList section */
		60B7F5BF1C9CDD1300F52B4E /* Build configuration list for PBXProject "swift-pdf" */ = {
			isa = XCConfigurationList;
			buildConfigurations = (
				60B7F5D41C9CDD1300F52B4E /* Debug */,
				60B7F5D51C9CDD1300F52B4E /* Release */,
			);
			defaultConfigurationIsVisible = 0;
			defaultConfigurationName = Release;
		};
		60B7F5D61C9CDD1300F52B4E /* Build configuration list for PBXNativeTarget "swift-pdf" */ = {
			isa = XCConfigurationList;
			buildConfigurations = (
				60B7F5D71C9CDD1300F52B4E /* Debug */,
				60B7F5D81C9CDD1300F52B4E /* Release */,
			);
			defaultConfigurationIsVisible = 0;
		};
/* End XCConfigurationList section */
	};
	rootObject = 60B7F5BC1C9CDD1300F52B4E /* Project object */;
}
